
Microsoft Visual Studio Solution File, Format Version 12.00
# Visual Studio Version 16
VisualStudioVersion = 16.0.31624.102
MinimumVisualStudioVersion = 10.0.40219.1
Project("{9A19103F-16F7-4668-BE54-9A1E7A4F7556}") = "EntidadesEstacionamiento", "EntidadesEstacionamiento\EntidadesEstacionamiento.csproj", "{C94D00BB-5394-412B-A09E-55E6AE42DAB9}"
EndProject
Project("{FAE04EC0-301F-11D3-BF4B-00C04F79EFBC}") = "FrmEstacionamiento", "FrmEstacionamiento\FrmEstacionamiento.csproj", "{D24D4F7F-E009-4A18-8C53-1006896991C7}"
EndProject
Project("{FAE04EC0-301F-11D3-BF4B-00C04F79EFBC}") = "EntidadesEstacionamientoFramework", "EntidadesEstacionamientoFramework\EntidadesEstacionamientoFramework.csproj", "{129D2CB4-D6DA-40D1-93B1-AC9C671F26BE}"
EndProject
Global
	GlobalSection(SolutionConfigurationPlatforms) = preSolution
		Debug|Any CPU = Debug|Any CPU
		Release|Any CPU = Release|Any CPU
	EndGlobalSection
	GlobalSection(ProjectConfigurationPlatforms) = postSolution
		{C94D00BB-5394-412B-A09E-55E6AE42DAB9}.Debug|Any CPU.ActiveCfg = Debug|Any CPU
		{C94D00BB-5394-412B-A09E-55E6AE42DAB9}.Debug|Any CPU.Build.0 = Debug|Any CPU
		{C94D00BB-5394-412B-A09E-55E6AE42DAB9}.Release|Any CPU.ActiveCfg = Release|Any CPU
		{C94D00BB-5394-412B-A09E-55E6AE42DAB9}.Release|Any CPU.Build.0 = Release|Any CPU
		{D24D4F7F-E009-4A18-8C53-1006896991C7}.Debug|Any CPU.ActiveCfg = Debug|Any CPU
		{D24D4F7F-E009-4A18-8C53-1006896991C7}.Debug|Any CPU.Build.0 = Debug|Any CPU
		{D24D4F7F-E009-4A18-8C53-1006896991C7}.Release|Any CPU.ActiveCfg = Release|Any CPU
		{D24D4F7F-E009-4A18-8C53-1006896991C7}.Release|Any CPU.Build.0 = Release|Any CPU
		{129D2CB4-D6DA-40D1-93B1-AC9C671F26BE}.Debug|Any CPU.ActiveCfg = Debug|Any CPU
		{129D2CB4-D6DA-40D1-93B1-AC9C671F26BE}.Debug|Any CPU.Build.0 = Debug|Any CPU
		{129D2CB4-D6DA-40D1-93B1-AC9C671F26BE}.Release|Any CPU.ActiveCfg = Release|Any CPU
		{129D2CB4-D6DA-40D1-93B1-AC9C671F26BE}.Release|Any CPU.Build.0 = Release|Any CPU
	EndGlobalSection
	GlobalSection(SolutionProperties) = preSolution
		HideSolutionNode = FALSE
	EndGlobalSection
	GlobalSection(ExtensibilityGlobals) = postSolution
		SolutionGuid = {F909416D-60B5-46B8-821F-C8157E820281}
	EndGlobalSection
EndGlobal
