
Microsoft Visual Studio Solution File, Format Version 12.00
# Visual Studio Version 16
VisualStudioVersion = 16.0.31613.86
MinimumVisualStudioVersion = 10.0.40219.1
Project("{FAE04EC0-301F-11D3-BF4B-00C04F79EFBC}") = "EjerClase01", "EjerClase01\EjerClase01.csproj", "{C695E6C1-E100-4C97-A0F3-2FBABCD007F7}"
EndProject
Project("{FAE04EC0-301F-11D3-BF4B-00C04F79EFBC}") = "EjerClase02", "EjerClase02\EjerClase02.csproj", "{BD57026D-FB3E-49CE-9D71-240A336CAC8E}"
EndProject
Project("{FAE04EC0-301F-11D3-BF4B-00C04F79EFBC}") = "EjerClase03", "EjerClase03\EjerClase03.csproj", "{A4853A6D-4064-4349-995E-D4B53F2D3A01}"
EndProject
Project("{FAE04EC0-301F-11D3-BF4B-00C04F79EFBC}") = "EjerClase04", "EjerClase04\EjerClase04.csproj", "{B70BFB37-F592-4B91-85A9-E0111BF1F56E}"
EndProject
Project("{FAE04EC0-301F-11D3-BF4B-00C04F79EFBC}") = "EjerClase05", "EjerClase05\EjerClase05.csproj", "{0D6F5672-3DCD-415C-A03F-71C64F85985E}"
EndProject
Project("{FAE04EC0-301F-11D3-BF4B-00C04F79EFBC}") = "EjerClase06", "EjerClase06\EjerClase06.csproj", "{7190AECB-3B22-4E80-B08F-FD6D4B2C8E8D}"
EndProject
Project("{FAE04EC0-301F-11D3-BF4B-00C04F79EFBC}") = "EjerClase07", "EjerClase07\EjerClase07.csproj", "{CAFBB46D-5C3F-41D3-8089-AB6B3A392155}"
EndProject
Project("{FAE04EC0-301F-11D3-BF4B-00C04F79EFBC}") = "EjerClase08", "EjerClase08\EjerClase08.csproj", "{C4E087E7-3D03-4D08-8A56-128ACEE6E0A7}"
EndProject
Project("{FAE04EC0-301F-11D3-BF4B-00C04F79EFBC}") = "EjerClase09", "EjerClase09\EjerClase09.csproj", "{A991E0B0-1C2D-4E05-989E-66F09554C913}"
EndProject
Project("{FAE04EC0-301F-11D3-BF4B-00C04F79EFBC}") = "EjerClase10", "EjerClase10\EjerClase10.csproj", "{FF18ABFD-5AAA-444D-9C8D-7126172797B5}"
EndProject
Project("{FAE04EC0-301F-11D3-BF4B-00C04F79EFBC}") = "EjerClase11", "EjerClase11\EjerClase11.csproj", "{D947670B-2FA6-47D7-AA2B-716E8CF649AA}"
EndProject
Project("{FAE04EC0-301F-11D3-BF4B-00C04F79EFBC}") = "EjerParaleloClase2", "EjerParaleloClase2\EjerParaleloClase2.csproj", "{F9A29C8A-0CB9-402C-B2CD-B030863E15E9}"
EndProject
Project("{FAE04EC0-301F-11D3-BF4B-00C04F79EFBC}") = "EjerParaleloClaseSello", "EjerParaleloClaseSello\EjerParaleloClaseSello.csproj", "{1DA159C5-8176-4EB9-922B-A6183ECE041D}"
EndProject
Project("{FAE04EC0-301F-11D3-BF4B-00C04F79EFBC}") = "EjerClase12", "EjerClase12\EjerClase12.csproj", "{BF75ACBF-E6A7-49C6-85B3-E537A08AD6C5}"
EndProject
Project("{FAE04EC0-301F-11D3-BF4B-00C04F79EFBC}") = "EjerClase13", "EjerClase13\EjerClase13.csproj", "{40FEFBE7-D4AE-4CDB-B07A-2F978C630F0C}"
EndProject
Project("{FAE04EC0-301F-11D3-BF4B-00C04F79EFBC}") = "EjerClase14", "EjerClase14\EjerClase14.csproj", "{4E762918-A523-4577-94CB-AFEBBCAF1FF0}"
EndProject
Project("{FAE04EC0-301F-11D3-BF4B-00C04F79EFBC}") = "EjerClase15", "EjerClase15\EjerClase15.csproj", "{51823822-13EB-454D-8643-51439AC7C41B}"
EndProject
Project("{FAE04EC0-301F-11D3-BF4B-00C04F79EFBC}") = "EjerParaleloClase3", "EjerParaleloClase3\EjerParaleloClase3.csproj", "{04277455-5AAA-473F-B379-8A6806FC9228}"
EndProject
Project("{FAE04EC0-301F-11D3-BF4B-00C04F79EFBC}") = "EjerClase16", "EjerClase16\EjerClase16.csproj", "{D80801A7-F79E-45F3-A617-53DF9091B650}"
EndProject
Project("{FAE04EC0-301F-11D3-BF4B-00C04F79EFBC}") = "EjerClase17", "EjerClase17\EjerClase17.csproj", "{B287BE08-49E7-4A94-9FA3-DE101E202D64}"
EndProject
Project("{FAE04EC0-301F-11D3-BF4B-00C04F79EFBC}") = "EjerClase18", "EjerClase18\EjerClase18.csproj", "{329E8A7D-F748-4190-A4B0-C7AD5FA8D56A}"
EndProject
Project("{FAE04EC0-301F-11D3-BF4B-00C04F79EFBC}") = "EjerClase19", "EjerClase19\EjerClase19.csproj", "{54F88FD2-380A-4920-871A-2AE84A2C3421}"
EndProject
Project("{FAE04EC0-301F-11D3-BF4B-00C04F79EFBC}") = "EjerParaleloSobrecarga", "EjerParaleloSobrecarga\EjerParaleloSobrecarga.csproj", "{25947263-706A-440E-9C66-100AB3B9C83D}"
EndProject
Project("{FAE04EC0-301F-11D3-BF4B-00C04F79EFBC}") = "EjerClase20", "EjerClase20\EjerClase20.csproj", "{29AEA354-F487-4142-B81C-76123076B235}"
EndProject
Project("{FAE04EC0-301F-11D3-BF4B-00C04F79EFBC}") = "EjerParaleloEnum", "EjerParaleloEnum\EjerParaleloEnum.csproj", "{8F54576A-699F-4CDA-B2E3-AF1970C99F46}"
EndProject
Project("{FAE04EC0-301F-11D3-BF4B-00C04F79EFBC}") = "EjerSobrecargaOpe", "EjerSobrecargaOpe\EjerSobrecargaOpe.csproj", "{897718FD-8A44-4803-938D-85ACB756CE77}"
EndProject
Project("{FAE04EC0-301F-11D3-BF4B-00C04F79EFBC}") = "Entidades", "Entidades\Entidades.csproj", "{C30AAF63-5106-4765-9D6E-D06357E0E31F}"
EndProject
Project("{FAE04EC0-301F-11D3-BF4B-00C04F79EFBC}") = "Escritura", "Escritura\Escritura.csproj", "{7FB65953-57C9-44B8-8571-C09FE81FE1DB}"
EndProject
Project("{FAE04EC0-301F-11D3-BF4B-00C04F79EFBC}") = "EjerTinta-Pluma", "EjerTinta-Pluma\EjerTinta-Pluma.csproj", "{7C17DD43-65B9-4E71-9B5E-CB914864D90F}"
EndProject
Project("{FAE04EC0-301F-11D3-BF4B-00C04F79EFBC}") = "EjerWindowsForm", "EjerWindowsForm\EjerWindowsForm.csproj", "{58F5E1DD-F515-44C7-9E86-70E0C0DA0683}"
EndProject
Project("{FAE04EC0-301F-11D3-BF4B-00C04F79EFBC}") = "EjerClase21", "EjerClase21\EjerClase21.csproj", "{2255FEDD-5FBA-49B4-8CB4-22F1655D5432}"
EndProject
Project("{FAE04EC0-301F-11D3-BF4B-00C04F79EFBC}") = "Temperaturas", "Temperaturas\Temperaturas.csproj", "{1A1FA94D-0969-4A4B-8100-C0F88E490684}"
EndProject
Project("{FAE04EC0-301F-11D3-BF4B-00C04F79EFBC}") = "EjerClase22", "EjerClase22\EjerClase22.csproj", "{B3A01D45-71C6-4908-8262-8F8C27BB14EC}"
EndProject
Project("{FAE04EC0-301F-11D3-BF4B-00C04F79EFBC}") = "Billetes", "Moneda\Billetes.csproj", "{D8BFA0F1-2FCF-493D-8476-FB123AD707F5}"
EndProject
Project("{FAE04EC0-301F-11D3-BF4B-00C04F79EFBC}") = "EjerClase23", "EjerClase23\EjerClase23.csproj", "{53A7160F-7B93-499B-8C0A-BC4DC0FC0000}"
EndProject
Project("{FAE04EC0-301F-11D3-BF4B-00C04F79EFBC}") = "EjerHolaWindowsForm", "EjerHolaWindowsForm\EjerHolaWindowsForm.csproj", "{BAD86280-052A-4951-B2F0-E8398E1229AC}"
EndProject
Project("{FAE04EC0-301F-11D3-BF4B-00C04F79EFBC}") = "EjerRegistrate", "EjerRegistrate\EjerRegistrate.csproj", "{855BDC4E-BFAA-4681-BCDF-97A6DB091973}"
EndProject
Project("{FAE04EC0-301F-11D3-BF4B-00C04F79EFBC}") = "Estudiantes", "Ingresante\Estudiantes.csproj", "{6619B2E8-C87B-4885-942E-B168DFC5DF77}"
EndProject
Project("{FAE04EC0-301F-11D3-BF4B-00C04F79EFBC}") = "EjerPaleta-Tempera", "EjerPaleta-Tempera\EjerPaleta-Tempera.csproj", "{3E1BEF46-2F17-425B-B679-5A0AA815345E}"
EndProject
Project("{FAE04EC0-301F-11D3-BF4B-00C04F79EFBC}") = "EjerClase26", "EjerClase26\EjerClase26.csproj", "{5718D30D-E3A9-4268-B4BD-70237C66404E}"
EndProject
Project("{FAE04EC0-301F-11D3-BF4B-00C04F79EFBC}") = "EjerClase28", "EjerClase28\EjerClase28.csproj", "{25FFCA69-29F1-413A-9132-E6E61754A8AA}"
EndProject
Project("{FAE04EC0-301F-11D3-BF4B-00C04F79EFBC}") = "AtencionAlCliente", "AtencionAlCliente\AtencionAlCliente.csproj", "{259031DA-C1D9-43EF-BC50-A1C686E697DF}"
EndProject
Project("{FAE04EC0-301F-11D3-BF4B-00C04F79EFBC}") = "EjerClase31", "EjerClase31\EjerClase31.csproj", "{9D653D09-DDAE-45E3-BBF0-B403AE491B6C}"
EndProject
Project("{FAE04EC0-301F-11D3-BF4B-00C04F79EFBC}") = "EjerClase29-32-35", "EjerClase29\EjerClase29-32-35.csproj", "{AC27693C-3A37-4816-8087-C349652D0554}"
EndProject
Project("{FAE04EC0-301F-11D3-BF4B-00C04F79EFBC}") = "EjerClase30", "EjerClase30\EjerClase30.csproj", "{4760E0A3-4946-4319-9855-954ADB28F4C0}"
EndProject
Project("{FAE04EC0-301F-11D3-BF4B-00C04F79EFBC}") = "EjerClase33", "EjerClase33\EjerClase33.csproj", "{E57A85BD-549D-4627-A535-BCF2ECB4C3B5}"
EndProject
Project("{FAE04EC0-301F-11D3-BF4B-00C04F79EFBC}") = "EjerSobreEscribiendoAdvertencias", "EjerSobreEscribiendoAdvertencias\EjerSobreEscribiendoAdvertencias.csproj", "{20DD7BD6-F20C-490E-835C-68584FD9F4FF}"
EndProject
Project("{FAE04EC0-301F-11D3-BF4B-00C04F79EFBC}") = "EntidadesEstacionamiento", "EntidadesEstacionamiento\EntidadesEstacionamiento.csproj", "{CF1EE5B9-30A6-4D86-9754-7BF6250E35F1}"
EndProject
Project("{FAE04EC0-301F-11D3-BF4B-00C04F79EFBC}") = "Animales", "Animales\Animales.csproj", "{DF54B2D5-6567-4742-A9C7-A5BF035C366A}"
EndProject
Project("{FAE04EC0-301F-11D3-BF4B-00C04F79EFBC}") = "ModeloParcial1Mascotas", "ModeloParcial1Mascotas\ModeloParcial1Mascotas.csproj", "{F6310AB9-9C78-4B2F-8B3A-C936C71EC731}"
EndProject
Project("{FAE04EC0-301F-11D3-BF4B-00C04F79EFBC}") = "Musica", "Musica\Musica.csproj", "{9620BD8F-5CFA-4183-AEE4-04E47B506B80}"
EndProject
Project("{FAE04EC0-301F-11D3-BF4B-00C04F79EFBC}") = "EntidadesLavaderoAuto", "EntidadesLavaderoAuto\EntidadesLavaderoAuto.csproj", "{8146534F-6F97-47DC-BE69-DBFD7A6BF889}"
EndProject
Project("{FAE04EC0-301F-11D3-BF4B-00C04F79EFBC}") = "CentralitaEntidades", "Centralita\CentralitaEntidades.csproj", "{0AAC531C-5F0E-421F-8B90-EACCD9C786E4}"
EndProject
Project("{FAE04EC0-301F-11D3-BF4B-00C04F79EFBC}") = "CentralitaForm", "CentralitaForm\CentralitaForm.csproj", "{BE78715F-FEB4-43F4-9852-D3E8DC2830AA}"
EndProject
Global
	GlobalSection(SolutionConfigurationPlatforms) = preSolution
		Debug|Any CPU = Debug|Any CPU
		Release|Any CPU = Release|Any CPU
	EndGlobalSection
	GlobalSection(ProjectConfigurationPlatforms) = postSolution
		{C695E6C1-E100-4C97-A0F3-2FBABCD007F7}.Debug|Any CPU.ActiveCfg = Debug|Any CPU
		{C695E6C1-E100-4C97-A0F3-2FBABCD007F7}.Debug|Any CPU.Build.0 = Debug|Any CPU
		{C695E6C1-E100-4C97-A0F3-2FBABCD007F7}.Release|Any CPU.ActiveCfg = Release|Any CPU
		{C695E6C1-E100-4C97-A0F3-2FBABCD007F7}.Release|Any CPU.Build.0 = Release|Any CPU
		{BD57026D-FB3E-49CE-9D71-240A336CAC8E}.Debug|Any CPU.ActiveCfg = Debug|Any CPU
		{BD57026D-FB3E-49CE-9D71-240A336CAC8E}.Debug|Any CPU.Build.0 = Debug|Any CPU
		{BD57026D-FB3E-49CE-9D71-240A336CAC8E}.Release|Any CPU.ActiveCfg = Release|Any CPU
		{BD57026D-FB3E-49CE-9D71-240A336CAC8E}.Release|Any CPU.Build.0 = Release|Any CPU
		{A4853A6D-4064-4349-995E-D4B53F2D3A01}.Debug|Any CPU.ActiveCfg = Debug|Any CPU
		{A4853A6D-4064-4349-995E-D4B53F2D3A01}.Debug|Any CPU.Build.0 = Debug|Any CPU
		{A4853A6D-4064-4349-995E-D4B53F2D3A01}.Release|Any CPU.ActiveCfg = Release|Any CPU
		{A4853A6D-4064-4349-995E-D4B53F2D3A01}.Release|Any CPU.Build.0 = Release|Any CPU
		{B70BFB37-F592-4B91-85A9-E0111BF1F56E}.Debug|Any CPU.ActiveCfg = Debug|Any CPU
		{B70BFB37-F592-4B91-85A9-E0111BF1F56E}.Debug|Any CPU.Build.0 = Debug|Any CPU
		{B70BFB37-F592-4B91-85A9-E0111BF1F56E}.Release|Any CPU.ActiveCfg = Release|Any CPU
		{B70BFB37-F592-4B91-85A9-E0111BF1F56E}.Release|Any CPU.Build.0 = Release|Any CPU
		{0D6F5672-3DCD-415C-A03F-71C64F85985E}.Debug|Any CPU.ActiveCfg = Debug|Any CPU
		{0D6F5672-3DCD-415C-A03F-71C64F85985E}.Debug|Any CPU.Build.0 = Debug|Any CPU
		{0D6F5672-3DCD-415C-A03F-71C64F85985E}.Release|Any CPU.ActiveCfg = Release|Any CPU
		{0D6F5672-3DCD-415C-A03F-71C64F85985E}.Release|Any CPU.Build.0 = Release|Any CPU
		{7190AECB-3B22-4E80-B08F-FD6D4B2C8E8D}.Debug|Any CPU.ActiveCfg = Debug|Any CPU
		{7190AECB-3B22-4E80-B08F-FD6D4B2C8E8D}.Debug|Any CPU.Build.0 = Debug|Any CPU
		{7190AECB-3B22-4E80-B08F-FD6D4B2C8E8D}.Release|Any CPU.ActiveCfg = Release|Any CPU
		{7190AECB-3B22-4E80-B08F-FD6D4B2C8E8D}.Release|Any CPU.Build.0 = Release|Any CPU
		{CAFBB46D-5C3F-41D3-8089-AB6B3A392155}.Debug|Any CPU.ActiveCfg = Debug|Any CPU
		{CAFBB46D-5C3F-41D3-8089-AB6B3A392155}.Debug|Any CPU.Build.0 = Debug|Any CPU
		{CAFBB46D-5C3F-41D3-8089-AB6B3A392155}.Release|Any CPU.ActiveCfg = Release|Any CPU
		{CAFBB46D-5C3F-41D3-8089-AB6B3A392155}.Release|Any CPU.Build.0 = Release|Any CPU
		{C4E087E7-3D03-4D08-8A56-128ACEE6E0A7}.Debug|Any CPU.ActiveCfg = Debug|Any CPU
		{C4E087E7-3D03-4D08-8A56-128ACEE6E0A7}.Debug|Any CPU.Build.0 = Debug|Any CPU
		{C4E087E7-3D03-4D08-8A56-128ACEE6E0A7}.Release|Any CPU.ActiveCfg = Release|Any CPU
		{C4E087E7-3D03-4D08-8A56-128ACEE6E0A7}.Release|Any CPU.Build.0 = Release|Any CPU
		{A991E0B0-1C2D-4E05-989E-66F09554C913}.Debug|Any CPU.ActiveCfg = Debug|Any CPU
		{A991E0B0-1C2D-4E05-989E-66F09554C913}.Debug|Any CPU.Build.0 = Debug|Any CPU
		{A991E0B0-1C2D-4E05-989E-66F09554C913}.Release|Any CPU.ActiveCfg = Release|Any CPU
		{A991E0B0-1C2D-4E05-989E-66F09554C913}.Release|Any CPU.Build.0 = Release|Any CPU
		{FF18ABFD-5AAA-444D-9C8D-7126172797B5}.Debug|Any CPU.ActiveCfg = Debug|Any CPU
		{FF18ABFD-5AAA-444D-9C8D-7126172797B5}.Debug|Any CPU.Build.0 = Debug|Any CPU
		{FF18ABFD-5AAA-444D-9C8D-7126172797B5}.Release|Any CPU.ActiveCfg = Release|Any CPU
		{FF18ABFD-5AAA-444D-9C8D-7126172797B5}.Release|Any CPU.Build.0 = Release|Any CPU
		{D947670B-2FA6-47D7-AA2B-716E8CF649AA}.Debug|Any CPU.ActiveCfg = Debug|Any CPU
		{D947670B-2FA6-47D7-AA2B-716E8CF649AA}.Debug|Any CPU.Build.0 = Debug|Any CPU
		{D947670B-2FA6-47D7-AA2B-716E8CF649AA}.Release|Any CPU.ActiveCfg = Release|Any CPU
		{D947670B-2FA6-47D7-AA2B-716E8CF649AA}.Release|Any CPU.Build.0 = Release|Any CPU
		{F9A29C8A-0CB9-402C-B2CD-B030863E15E9}.Debug|Any CPU.ActiveCfg = Debug|Any CPU
		{F9A29C8A-0CB9-402C-B2CD-B030863E15E9}.Debug|Any CPU.Build.0 = Debug|Any CPU
		{F9A29C8A-0CB9-402C-B2CD-B030863E15E9}.Release|Any CPU.ActiveCfg = Release|Any CPU
		{F9A29C8A-0CB9-402C-B2CD-B030863E15E9}.Release|Any CPU.Build.0 = Release|Any CPU
		{1DA159C5-8176-4EB9-922B-A6183ECE041D}.Debug|Any CPU.ActiveCfg = Debug|Any CPU
		{1DA159C5-8176-4EB9-922B-A6183ECE041D}.Debug|Any CPU.Build.0 = Debug|Any CPU
		{1DA159C5-8176-4EB9-922B-A6183ECE041D}.Release|Any CPU.ActiveCfg = Release|Any CPU
		{1DA159C5-8176-4EB9-922B-A6183ECE041D}.Release|Any CPU.Build.0 = Release|Any CPU
		{BF75ACBF-E6A7-49C6-85B3-E537A08AD6C5}.Debug|Any CPU.ActiveCfg = Debug|Any CPU
		{BF75ACBF-E6A7-49C6-85B3-E537A08AD6C5}.Debug|Any CPU.Build.0 = Debug|Any CPU
		{BF75ACBF-E6A7-49C6-85B3-E537A08AD6C5}.Release|Any CPU.ActiveCfg = Release|Any CPU
		{BF75ACBF-E6A7-49C6-85B3-E537A08AD6C5}.Release|Any CPU.Build.0 = Release|Any CPU
		{40FEFBE7-D4AE-4CDB-B07A-2F978C630F0C}.Debug|Any CPU.ActiveCfg = Debug|Any CPU
		{40FEFBE7-D4AE-4CDB-B07A-2F978C630F0C}.Debug|Any CPU.Build.0 = Debug|Any CPU
		{40FEFBE7-D4AE-4CDB-B07A-2F978C630F0C}.Release|Any CPU.ActiveCfg = Release|Any CPU
		{40FEFBE7-D4AE-4CDB-B07A-2F978C630F0C}.Release|Any CPU.Build.0 = Release|Any CPU
		{4E762918-A523-4577-94CB-AFEBBCAF1FF0}.Debug|Any CPU.ActiveCfg = Debug|Any CPU
		{4E762918-A523-4577-94CB-AFEBBCAF1FF0}.Debug|Any CPU.Build.0 = Debug|Any CPU
		{4E762918-A523-4577-94CB-AFEBBCAF1FF0}.Release|Any CPU.ActiveCfg = Release|Any CPU
		{4E762918-A523-4577-94CB-AFEBBCAF1FF0}.Release|Any CPU.Build.0 = Release|Any CPU
		{51823822-13EB-454D-8643-51439AC7C41B}.Debug|Any CPU.ActiveCfg = Debug|Any CPU
		{51823822-13EB-454D-8643-51439AC7C41B}.Debug|Any CPU.Build.0 = Debug|Any CPU
		{51823822-13EB-454D-8643-51439AC7C41B}.Release|Any CPU.ActiveCfg = Release|Any CPU
		{51823822-13EB-454D-8643-51439AC7C41B}.Release|Any CPU.Build.0 = Release|Any CPU
		{04277455-5AAA-473F-B379-8A6806FC9228}.Debug|Any CPU.ActiveCfg = Debug|Any CPU
		{04277455-5AAA-473F-B379-8A6806FC9228}.Debug|Any CPU.Build.0 = Debug|Any CPU
		{04277455-5AAA-473F-B379-8A6806FC9228}.Release|Any CPU.ActiveCfg = Release|Any CPU
		{04277455-5AAA-473F-B379-8A6806FC9228}.Release|Any CPU.Build.0 = Release|Any CPU
		{D80801A7-F79E-45F3-A617-53DF9091B650}.Debug|Any CPU.ActiveCfg = Debug|Any CPU
		{D80801A7-F79E-45F3-A617-53DF9091B650}.Debug|Any CPU.Build.0 = Debug|Any CPU
		{D80801A7-F79E-45F3-A617-53DF9091B650}.Release|Any CPU.ActiveCfg = Release|Any CPU
		{D80801A7-F79E-45F3-A617-53DF9091B650}.Release|Any CPU.Build.0 = Release|Any CPU
		{B287BE08-49E7-4A94-9FA3-DE101E202D64}.Debug|Any CPU.ActiveCfg = Debug|Any CPU
		{B287BE08-49E7-4A94-9FA3-DE101E202D64}.Debug|Any CPU.Build.0 = Debug|Any CPU
		{B287BE08-49E7-4A94-9FA3-DE101E202D64}.Release|Any CPU.ActiveCfg = Release|Any CPU
		{B287BE08-49E7-4A94-9FA3-DE101E202D64}.Release|Any CPU.Build.0 = Release|Any CPU
		{329E8A7D-F748-4190-A4B0-C7AD5FA8D56A}.Debug|Any CPU.ActiveCfg = Debug|Any CPU
		{329E8A7D-F748-4190-A4B0-C7AD5FA8D56A}.Debug|Any CPU.Build.0 = Debug|Any CPU
		{329E8A7D-F748-4190-A4B0-C7AD5FA8D56A}.Release|Any CPU.ActiveCfg = Release|Any CPU
		{329E8A7D-F748-4190-A4B0-C7AD5FA8D56A}.Release|Any CPU.Build.0 = Release|Any CPU
		{54F88FD2-380A-4920-871A-2AE84A2C3421}.Debug|Any CPU.ActiveCfg = Debug|Any CPU
		{54F88FD2-380A-4920-871A-2AE84A2C3421}.Debug|Any CPU.Build.0 = Debug|Any CPU
		{54F88FD2-380A-4920-871A-2AE84A2C3421}.Release|Any CPU.ActiveCfg = Release|Any CPU
		{54F88FD2-380A-4920-871A-2AE84A2C3421}.Release|Any CPU.Build.0 = Release|Any CPU
		{25947263-706A-440E-9C66-100AB3B9C83D}.Debug|Any CPU.ActiveCfg = Debug|Any CPU
		{25947263-706A-440E-9C66-100AB3B9C83D}.Debug|Any CPU.Build.0 = Debug|Any CPU
		{25947263-706A-440E-9C66-100AB3B9C83D}.Release|Any CPU.ActiveCfg = Release|Any CPU
		{25947263-706A-440E-9C66-100AB3B9C83D}.Release|Any CPU.Build.0 = Release|Any CPU
		{29AEA354-F487-4142-B81C-76123076B235}.Debug|Any CPU.ActiveCfg = Debug|Any CPU
		{29AEA354-F487-4142-B81C-76123076B235}.Debug|Any CPU.Build.0 = Debug|Any CPU
		{29AEA354-F487-4142-B81C-76123076B235}.Release|Any CPU.ActiveCfg = Release|Any CPU
		{29AEA354-F487-4142-B81C-76123076B235}.Release|Any CPU.Build.0 = Release|Any CPU
		{8F54576A-699F-4CDA-B2E3-AF1970C99F46}.Debug|Any CPU.ActiveCfg = Debug|Any CPU
		{8F54576A-699F-4CDA-B2E3-AF1970C99F46}.Debug|Any CPU.Build.0 = Debug|Any CPU
		{8F54576A-699F-4CDA-B2E3-AF1970C99F46}.Release|Any CPU.ActiveCfg = Release|Any CPU
		{8F54576A-699F-4CDA-B2E3-AF1970C99F46}.Release|Any CPU.Build.0 = Release|Any CPU
		{897718FD-8A44-4803-938D-85ACB756CE77}.Debug|Any CPU.ActiveCfg = Debug|Any CPU
		{897718FD-8A44-4803-938D-85ACB756CE77}.Debug|Any CPU.Build.0 = Debug|Any CPU
		{897718FD-8A44-4803-938D-85ACB756CE77}.Release|Any CPU.ActiveCfg = Release|Any CPU
		{897718FD-8A44-4803-938D-85ACB756CE77}.Release|Any CPU.Build.0 = Release|Any CPU
		{C30AAF63-5106-4765-9D6E-D06357E0E31F}.Debug|Any CPU.ActiveCfg = Debug|Any CPU
		{C30AAF63-5106-4765-9D6E-D06357E0E31F}.Debug|Any CPU.Build.0 = Debug|Any CPU
		{C30AAF63-5106-4765-9D6E-D06357E0E31F}.Release|Any CPU.ActiveCfg = Release|Any CPU
		{C30AAF63-5106-4765-9D6E-D06357E0E31F}.Release|Any CPU.Build.0 = Release|Any CPU
		{7FB65953-57C9-44B8-8571-C09FE81FE1DB}.Debug|Any CPU.ActiveCfg = Debug|Any CPU
		{7FB65953-57C9-44B8-8571-C09FE81FE1DB}.Debug|Any CPU.Build.0 = Debug|Any CPU
		{7FB65953-57C9-44B8-8571-C09FE81FE1DB}.Release|Any CPU.ActiveCfg = Release|Any CPU
		{7FB65953-57C9-44B8-8571-C09FE81FE1DB}.Release|Any CPU.Build.0 = Release|Any CPU
		{7C17DD43-65B9-4E71-9B5E-CB914864D90F}.Debug|Any CPU.ActiveCfg = Debug|Any CPU
		{7C17DD43-65B9-4E71-9B5E-CB914864D90F}.Debug|Any CPU.Build.0 = Debug|Any CPU
		{7C17DD43-65B9-4E71-9B5E-CB914864D90F}.Release|Any CPU.ActiveCfg = Release|Any CPU
		{7C17DD43-65B9-4E71-9B5E-CB914864D90F}.Release|Any CPU.Build.0 = Release|Any CPU
		{58F5E1DD-F515-44C7-9E86-70E0C0DA0683}.Debug|Any CPU.ActiveCfg = Debug|Any CPU
		{58F5E1DD-F515-44C7-9E86-70E0C0DA0683}.Debug|Any CPU.Build.0 = Debug|Any CPU
		{58F5E1DD-F515-44C7-9E86-70E0C0DA0683}.Release|Any CPU.ActiveCfg = Release|Any CPU
		{58F5E1DD-F515-44C7-9E86-70E0C0DA0683}.Release|Any CPU.Build.0 = Release|Any CPU
		{2255FEDD-5FBA-49B4-8CB4-22F1655D5432}.Debug|Any CPU.ActiveCfg = Debug|Any CPU
		{2255FEDD-5FBA-49B4-8CB4-22F1655D5432}.Debug|Any CPU.Build.0 = Debug|Any CPU
		{2255FEDD-5FBA-49B4-8CB4-22F1655D5432}.Release|Any CPU.ActiveCfg = Release|Any CPU
		{2255FEDD-5FBA-49B4-8CB4-22F1655D5432}.Release|Any CPU.Build.0 = Release|Any CPU
		{1A1FA94D-0969-4A4B-8100-C0F88E490684}.Debug|Any CPU.ActiveCfg = Debug|Any CPU
		{1A1FA94D-0969-4A4B-8100-C0F88E490684}.Debug|Any CPU.Build.0 = Debug|Any CPU
		{1A1FA94D-0969-4A4B-8100-C0F88E490684}.Release|Any CPU.ActiveCfg = Release|Any CPU
		{1A1FA94D-0969-4A4B-8100-C0F88E490684}.Release|Any CPU.Build.0 = Release|Any CPU
		{B3A01D45-71C6-4908-8262-8F8C27BB14EC}.Debug|Any CPU.ActiveCfg = Debug|Any CPU
		{B3A01D45-71C6-4908-8262-8F8C27BB14EC}.Debug|Any CPU.Build.0 = Debug|Any CPU
		{B3A01D45-71C6-4908-8262-8F8C27BB14EC}.Release|Any CPU.ActiveCfg = Release|Any CPU
		{B3A01D45-71C6-4908-8262-8F8C27BB14EC}.Release|Any CPU.Build.0 = Release|Any CPU
		{D8BFA0F1-2FCF-493D-8476-FB123AD707F5}.Debug|Any CPU.ActiveCfg = Debug|Any CPU
		{D8BFA0F1-2FCF-493D-8476-FB123AD707F5}.Debug|Any CPU.Build.0 = Debug|Any CPU
		{D8BFA0F1-2FCF-493D-8476-FB123AD707F5}.Release|Any CPU.ActiveCfg = Release|Any CPU
		{D8BFA0F1-2FCF-493D-8476-FB123AD707F5}.Release|Any CPU.Build.0 = Release|Any CPU
		{53A7160F-7B93-499B-8C0A-BC4DC0FC0000}.Debug|Any CPU.ActiveCfg = Debug|Any CPU
		{53A7160F-7B93-499B-8C0A-BC4DC0FC0000}.Debug|Any CPU.Build.0 = Debug|Any CPU
		{53A7160F-7B93-499B-8C0A-BC4DC0FC0000}.Release|Any CPU.ActiveCfg = Release|Any CPU
		{53A7160F-7B93-499B-8C0A-BC4DC0FC0000}.Release|Any CPU.Build.0 = Release|Any CPU
		{BAD86280-052A-4951-B2F0-E8398E1229AC}.Debug|Any CPU.ActiveCfg = Debug|Any CPU
		{BAD86280-052A-4951-B2F0-E8398E1229AC}.Debug|Any CPU.Build.0 = Debug|Any CPU
		{BAD86280-052A-4951-B2F0-E8398E1229AC}.Release|Any CPU.ActiveCfg = Release|Any CPU
		{BAD86280-052A-4951-B2F0-E8398E1229AC}.Release|Any CPU.Build.0 = Release|Any CPU
		{855BDC4E-BFAA-4681-BCDF-97A6DB091973}.Debug|Any CPU.ActiveCfg = Debug|Any CPU
		{855BDC4E-BFAA-4681-BCDF-97A6DB091973}.Debug|Any CPU.Build.0 = Debug|Any CPU
		{855BDC4E-BFAA-4681-BCDF-97A6DB091973}.Release|Any CPU.ActiveCfg = Release|Any CPU
		{855BDC4E-BFAA-4681-BCDF-97A6DB091973}.Release|Any CPU.Build.0 = Release|Any CPU
		{6619B2E8-C87B-4885-942E-B168DFC5DF77}.Debug|Any CPU.ActiveCfg = Debug|Any CPU
		{6619B2E8-C87B-4885-942E-B168DFC5DF77}.Debug|Any CPU.Build.0 = Debug|Any CPU
		{6619B2E8-C87B-4885-942E-B168DFC5DF77}.Release|Any CPU.ActiveCfg = Release|Any CPU
		{6619B2E8-C87B-4885-942E-B168DFC5DF77}.Release|Any CPU.Build.0 = Release|Any CPU
		{3E1BEF46-2F17-425B-B679-5A0AA815345E}.Debug|Any CPU.ActiveCfg = Debug|Any CPU
		{3E1BEF46-2F17-425B-B679-5A0AA815345E}.Debug|Any CPU.Build.0 = Debug|Any CPU
		{3E1BEF46-2F17-425B-B679-5A0AA815345E}.Release|Any CPU.ActiveCfg = Release|Any CPU
		{3E1BEF46-2F17-425B-B679-5A0AA815345E}.Release|Any CPU.Build.0 = Release|Any CPU
		{5718D30D-E3A9-4268-B4BD-70237C66404E}.Debug|Any CPU.ActiveCfg = Debug|Any CPU
		{5718D30D-E3A9-4268-B4BD-70237C66404E}.Debug|Any CPU.Build.0 = Debug|Any CPU
		{5718D30D-E3A9-4268-B4BD-70237C66404E}.Release|Any CPU.ActiveCfg = Release|Any CPU
		{5718D30D-E3A9-4268-B4BD-70237C66404E}.Release|Any CPU.Build.0 = Release|Any CPU
		{25FFCA69-29F1-413A-9132-E6E61754A8AA}.Debug|Any CPU.ActiveCfg = Debug|Any CPU
		{25FFCA69-29F1-413A-9132-E6E61754A8AA}.Debug|Any CPU.Build.0 = Debug|Any CPU
		{25FFCA69-29F1-413A-9132-E6E61754A8AA}.Release|Any CPU.ActiveCfg = Release|Any CPU
		{25FFCA69-29F1-413A-9132-E6E61754A8AA}.Release|Any CPU.Build.0 = Release|Any CPU
		{259031DA-C1D9-43EF-BC50-A1C686E697DF}.Debug|Any CPU.ActiveCfg = Debug|Any CPU
		{259031DA-C1D9-43EF-BC50-A1C686E697DF}.Debug|Any CPU.Build.0 = Debug|Any CPU
		{259031DA-C1D9-43EF-BC50-A1C686E697DF}.Release|Any CPU.ActiveCfg = Release|Any CPU
		{259031DA-C1D9-43EF-BC50-A1C686E697DF}.Release|Any CPU.Build.0 = Release|Any CPU
		{9D653D09-DDAE-45E3-BBF0-B403AE491B6C}.Debug|Any CPU.ActiveCfg = Debug|Any CPU
		{9D653D09-DDAE-45E3-BBF0-B403AE491B6C}.Debug|Any CPU.Build.0 = Debug|Any CPU
		{9D653D09-DDAE-45E3-BBF0-B403AE491B6C}.Release|Any CPU.ActiveCfg = Release|Any CPU
		{9D653D09-DDAE-45E3-BBF0-B403AE491B6C}.Release|Any CPU.Build.0 = Release|Any CPU
		{AC27693C-3A37-4816-8087-C349652D0554}.Debug|Any CPU.ActiveCfg = Debug|Any CPU
		{AC27693C-3A37-4816-8087-C349652D0554}.Debug|Any CPU.Build.0 = Debug|Any CPU
		{AC27693C-3A37-4816-8087-C349652D0554}.Release|Any CPU.ActiveCfg = Release|Any CPU
		{AC27693C-3A37-4816-8087-C349652D0554}.Release|Any CPU.Build.0 = Release|Any CPU
		{4760E0A3-4946-4319-9855-954ADB28F4C0}.Debug|Any CPU.ActiveCfg = Debug|Any CPU
		{4760E0A3-4946-4319-9855-954ADB28F4C0}.Debug|Any CPU.Build.0 = Debug|Any CPU
		{4760E0A3-4946-4319-9855-954ADB28F4C0}.Release|Any CPU.ActiveCfg = Release|Any CPU
		{4760E0A3-4946-4319-9855-954ADB28F4C0}.Release|Any CPU.Build.0 = Release|Any CPU
		{E57A85BD-549D-4627-A535-BCF2ECB4C3B5}.Debug|Any CPU.ActiveCfg = Debug|Any CPU
		{E57A85BD-549D-4627-A535-BCF2ECB4C3B5}.Debug|Any CPU.Build.0 = Debug|Any CPU
		{E57A85BD-549D-4627-A535-BCF2ECB4C3B5}.Release|Any CPU.ActiveCfg = Release|Any CPU
		{E57A85BD-549D-4627-A535-BCF2ECB4C3B5}.Release|Any CPU.Build.0 = Release|Any CPU
		{20DD7BD6-F20C-490E-835C-68584FD9F4FF}.Debug|Any CPU.ActiveCfg = Debug|Any CPU
		{20DD7BD6-F20C-490E-835C-68584FD9F4FF}.Debug|Any CPU.Build.0 = Debug|Any CPU
		{20DD7BD6-F20C-490E-835C-68584FD9F4FF}.Release|Any CPU.ActiveCfg = Release|Any CPU
		{20DD7BD6-F20C-490E-835C-68584FD9F4FF}.Release|Any CPU.Build.0 = Release|Any CPU
		{CF1EE5B9-30A6-4D86-9754-7BF6250E35F1}.Debug|Any CPU.ActiveCfg = Debug|Any CPU
		{CF1EE5B9-30A6-4D86-9754-7BF6250E35F1}.Debug|Any CPU.Build.0 = Debug|Any CPU
		{CF1EE5B9-30A6-4D86-9754-7BF6250E35F1}.Release|Any CPU.ActiveCfg = Release|Any CPU
		{CF1EE5B9-30A6-4D86-9754-7BF6250E35F1}.Release|Any CPU.Build.0 = Release|Any CPU
		{DF54B2D5-6567-4742-A9C7-A5BF035C366A}.Debug|Any CPU.ActiveCfg = Debug|Any CPU
		{DF54B2D5-6567-4742-A9C7-A5BF035C366A}.Debug|Any CPU.Build.0 = Debug|Any CPU
		{DF54B2D5-6567-4742-A9C7-A5BF035C366A}.Release|Any CPU.ActiveCfg = Release|Any CPU
		{DF54B2D5-6567-4742-A9C7-A5BF035C366A}.Release|Any CPU.Build.0 = Release|Any CPU
		{F6310AB9-9C78-4B2F-8B3A-C936C71EC731}.Debug|Any CPU.ActiveCfg = Debug|Any CPU
		{F6310AB9-9C78-4B2F-8B3A-C936C71EC731}.Debug|Any CPU.Build.0 = Debug|Any CPU
		{F6310AB9-9C78-4B2F-8B3A-C936C71EC731}.Release|Any CPU.ActiveCfg = Release|Any CPU
		{F6310AB9-9C78-4B2F-8B3A-C936C71EC731}.Release|Any CPU.Build.0 = Release|Any CPU
		{9620BD8F-5CFA-4183-AEE4-04E47B506B80}.Debug|Any CPU.ActiveCfg = Debug|Any CPU
		{9620BD8F-5CFA-4183-AEE4-04E47B506B80}.Debug|Any CPU.Build.0 = Debug|Any CPU
		{9620BD8F-5CFA-4183-AEE4-04E47B506B80}.Release|Any CPU.ActiveCfg = Release|Any CPU
		{9620BD8F-5CFA-4183-AEE4-04E47B506B80}.Release|Any CPU.Build.0 = Release|Any CPU
		{8146534F-6F97-47DC-BE69-DBFD7A6BF889}.Debug|Any CPU.ActiveCfg = Debug|Any CPU
		{8146534F-6F97-47DC-BE69-DBFD7A6BF889}.Debug|Any CPU.Build.0 = Debug|Any CPU
		{8146534F-6F97-47DC-BE69-DBFD7A6BF889}.Release|Any CPU.ActiveCfg = Release|Any CPU
		{8146534F-6F97-47DC-BE69-DBFD7A6BF889}.Release|Any CPU.Build.0 = Release|Any CPU
		{0AAC531C-5F0E-421F-8B90-EACCD9C786E4}.Debug|Any CPU.ActiveCfg = Debug|Any CPU
		{0AAC531C-5F0E-421F-8B90-EACCD9C786E4}.Debug|Any CPU.Build.0 = Debug|Any CPU
		{0AAC531C-5F0E-421F-8B90-EACCD9C786E4}.Release|Any CPU.ActiveCfg = Release|Any CPU
		{0AAC531C-5F0E-421F-8B90-EACCD9C786E4}.Release|Any CPU.Build.0 = Release|Any CPU
		{BE78715F-FEB4-43F4-9852-D3E8DC2830AA}.Debug|Any CPU.ActiveCfg = Debug|Any CPU
		{BE78715F-FEB4-43F4-9852-D3E8DC2830AA}.Debug|Any CPU.Build.0 = Debug|Any CPU
		{BE78715F-FEB4-43F4-9852-D3E8DC2830AA}.Release|Any CPU.ActiveCfg = Release|Any CPU
		{BE78715F-FEB4-43F4-9852-D3E8DC2830AA}.Release|Any CPU.Build.0 = Release|Any CPU
	EndGlobalSection
	GlobalSection(SolutionProperties) = preSolution
		HideSolutionNode = FALSE
	EndGlobalSection
	GlobalSection(ExtensibilityGlobals) = postSolution
		SolutionGuid = {F91D3397-F809-4E70-AD45-3CF21E95610A}
	EndGlobalSection
EndGlobal
