
Microsoft Visual Studio Solution File, Format Version 12.00
# Visual Studio Version 16
VisualStudioVersion = 16.0.31624.102
MinimumVisualStudioVersion = 10.0.40219.1
Project("{FAE04EC0-301F-11D3-BF4B-00C04F79EFBC}") = "Entidades", "Entidades\Entidades.csproj", "{7E5E94CC-77C2-469A-AC0B-03EE385179AD}"
EndProject
Project("{FAE04EC0-301F-11D3-BF4B-00C04F79EFBC}") = "PruebaEjer48", "PruebaEjer48\PruebaEjer48.csproj", "{DD6906AC-2D20-440E-B885-054A866CB400}"
EndProject
Global
	GlobalSection(SolutionConfigurationPlatforms) = preSolution
		Debug|Any CPU = Debug|Any CPU
		Release|Any CPU = Release|Any CPU
	EndGlobalSection
	GlobalSection(ProjectConfigurationPlatforms) = postSolution
		{7E5E94CC-77C2-469A-AC0B-03EE385179AD}.Debug|Any CPU.ActiveCfg = Debug|Any CPU
		{7E5E94CC-77C2-469A-AC0B-03EE385179AD}.Debug|Any CPU.Build.0 = Debug|Any CPU
		{7E5E94CC-77C2-469A-AC0B-03EE385179AD}.Release|Any CPU.ActiveCfg = Release|Any CPU
		{7E5E94CC-77C2-469A-AC0B-03EE385179AD}.Release|Any CPU.Build.0 = Release|Any CPU
		{DD6906AC-2D20-440E-B885-054A866CB400}.Debug|Any CPU.ActiveCfg = Debug|Any CPU
		{DD6906AC-2D20-440E-B885-054A866CB400}.Debug|Any CPU.Build.0 = Debug|Any CPU
		{DD6906AC-2D20-440E-B885-054A866CB400}.Release|Any CPU.ActiveCfg = Release|Any CPU
		{DD6906AC-2D20-440E-B885-054A866CB400}.Release|Any CPU.Build.0 = Release|Any CPU
	EndGlobalSection
	GlobalSection(SolutionProperties) = preSolution
		HideSolutionNode = FALSE
	EndGlobalSection
	GlobalSection(ExtensibilityGlobals) = postSolution
		SolutionGuid = {80EC829D-A866-42E9-A398-CD6F5EB6CB77}
	EndGlobalSection
EndGlobal
